
Microsoft Visual Studio Solution File, Format Version 12.00
# Visual Studio Version 17
VisualStudioVersion = 17.8.34511.84
MinimumVisualStudioVersion = 10.0.40219.1
Project("{FAE04EC0-301F-11D3-BF4B-00C04F79EFBC}") = "Kurs idarə etmə proqramı", "Kurs idarə etmə proqramı\Kurs idarə etmə proqramı.csproj", "{A0F7F08D-541F-448C-BBF8-CA5E0C58D514}"
EndProject
Global
	GlobalSection(SolutionConfigurationPlatforms) = preSolution
		Debug|Any CPU = Debug|Any CPU
		Release|Any CPU = Release|Any CPU
	EndGlobalSection
	GlobalSection(ProjectConfigurationPlatforms) = postSolution
		{A0F7F08D-541F-448C-BBF8-CA5E0C58D514}.Debug|Any CPU.ActiveCfg = Debug|Any CPU
		{A0F7F08D-541F-448C-BBF8-CA5E0C58D514}.Debug|Any CPU.Build.0 = Debug|Any CPU
		{A0F7F08D-541F-448C-BBF8-CA5E0C58D514}.Release|Any CPU.ActiveCfg = Release|Any CPU
		{A0F7F08D-541F-448C-BBF8-CA5E0C58D514}.Release|Any CPU.Build.0 = Release|Any CPU
	EndGlobalSection
	GlobalSection(SolutionProperties) = preSolution
		HideSolutionNode = FALSE
	EndGlobalSection
	GlobalSection(ExtensibilityGlobals) = postSolution
		SolutionGuid = {21C20273-EF42-415E-B2EA-C54854DF8979}
	EndGlobalSection
EndGlobal
